
Microsoft Visual Studio Solution File, Format Version 12.00
# Visual Studio Version 17
VisualStudioVersion = 17.6.33815.320
MinimumVisualStudioVersion = 10.0.40219.1
Project("{FAE04EC0-301F-11D3-BF4B-00C04F79EFBC}") = "01. Reverse Strings", "01. Reverse Strings\01. Reverse Strings.csproj", "{93C3F206-0D0C-4DD3-B68E-8BF82CDB38D4}"
EndProject
Project("{FAE04EC0-301F-11D3-BF4B-00C04F79EFBC}") = "02. Repeat Strings", "02. Repeat Strings\02. Repeat Strings.csproj", "{13E31E14-7AC4-4B7E-9B4A-59019AB320CF}"
EndProject
Project("{FAE04EC0-301F-11D3-BF4B-00C04F79EFBC}") = "03. Substring", "03. Substring\03. Substring.csproj", "{BA31EDEB-A8EE-4F15-98DD-60299C7A5484}"
EndProject
Project("{FAE04EC0-301F-11D3-BF4B-00C04F79EFBC}") = "04. Text Filter", "04. Text Filter\04. Text Filter.csproj", "{391640C4-7589-48D8-A7DF-1B2544179D34}"
EndProject
Project("{FAE04EC0-301F-11D3-BF4B-00C04F79EFBC}") = "05. Digits, Letters and Other", "05. Digits, Letters and Other\05. Digits, Letters and Other.csproj", "{C293F949-7969-4FA4-B088-A1AEC3CAE2A4}"
EndProject
Global
	GlobalSection(SolutionConfigurationPlatforms) = preSolution
		Debug|Any CPU = Debug|Any CPU
		Release|Any CPU = Release|Any CPU
	EndGlobalSection
	GlobalSection(ProjectConfigurationPlatforms) = postSolution
		{93C3F206-0D0C-4DD3-B68E-8BF82CDB38D4}.Debug|Any CPU.ActiveCfg = Debug|Any CPU
		{93C3F206-0D0C-4DD3-B68E-8BF82CDB38D4}.Debug|Any CPU.Build.0 = Debug|Any CPU
		{93C3F206-0D0C-4DD3-B68E-8BF82CDB38D4}.Release|Any CPU.ActiveCfg = Release|Any CPU
		{93C3F206-0D0C-4DD3-B68E-8BF82CDB38D4}.Release|Any CPU.Build.0 = Release|Any CPU
		{13E31E14-7AC4-4B7E-9B4A-59019AB320CF}.Debug|Any CPU.ActiveCfg = Debug|Any CPU
		{13E31E14-7AC4-4B7E-9B4A-59019AB320CF}.Debug|Any CPU.Build.0 = Debug|Any CPU
		{13E31E14-7AC4-4B7E-9B4A-59019AB320CF}.Release|Any CPU.ActiveCfg = Release|Any CPU
		{13E31E14-7AC4-4B7E-9B4A-59019AB320CF}.Release|Any CPU.Build.0 = Release|Any CPU
		{BA31EDEB-A8EE-4F15-98DD-60299C7A5484}.Debug|Any CPU.ActiveCfg = Debug|Any CPU
		{BA31EDEB-A8EE-4F15-98DD-60299C7A5484}.Debug|Any CPU.Build.0 = Debug|Any CPU
		{BA31EDEB-A8EE-4F15-98DD-60299C7A5484}.Release|Any CPU.ActiveCfg = Release|Any CPU
		{BA31EDEB-A8EE-4F15-98DD-60299C7A5484}.Release|Any CPU.Build.0 = Release|Any CPU
		{391640C4-7589-48D8-A7DF-1B2544179D34}.Debug|Any CPU.ActiveCfg = Debug|Any CPU
		{391640C4-7589-48D8-A7DF-1B2544179D34}.Debug|Any CPU.Build.0 = Debug|Any CPU
		{391640C4-7589-48D8-A7DF-1B2544179D34}.Release|Any CPU.ActiveCfg = Release|Any CPU
		{391640C4-7589-48D8-A7DF-1B2544179D34}.Release|Any CPU.Build.0 = Release|Any CPU
		{C293F949-7969-4FA4-B088-A1AEC3CAE2A4}.Debug|Any CPU.ActiveCfg = Debug|Any CPU
		{C293F949-7969-4FA4-B088-A1AEC3CAE2A4}.Debug|Any CPU.Build.0 = Debug|Any CPU
		{C293F949-7969-4FA4-B088-A1AEC3CAE2A4}.Release|Any CPU.ActiveCfg = Release|Any CPU
		{C293F949-7969-4FA4-B088-A1AEC3CAE2A4}.Release|Any CPU.Build.0 = Release|Any CPU
	EndGlobalSection
	GlobalSection(SolutionProperties) = preSolution
		HideSolutionNode = FALSE
	EndGlobalSection
	GlobalSection(ExtensibilityGlobals) = postSolution
		SolutionGuid = {51992552-B79F-48BE-A5FD-EAF75BE50E74}
	EndGlobalSection
EndGlobal
