
Microsoft Visual Studio Solution File, Format Version 12.00
# Visual Studio Version 17
VisualStudioVersion = 17.6.33815.320
MinimumVisualStudioVersion = 10.0.40219.1
Project("{FAE04EC0-301F-11D3-BF4B-00C04F79EFBC}") = "01. Count Chars in a String", "01. Count Chars in a String\01. Count Chars in a String.csproj", "{62EB84CC-5ACF-41F4-BFBB-7E65BDB49EF5}"
EndProject
Project("{FAE04EC0-301F-11D3-BF4B-00C04F79EFBC}") = "02. A Miner Task", "02. A Miner Task\02. A Miner Task.csproj", "{C642BB2B-3ACB-4183-857D-39AAB05A5CAA}"
EndProject
Global
	GlobalSection(SolutionConfigurationPlatforms) = preSolution
		Debug|Any CPU = Debug|Any CPU
		Release|Any CPU = Release|Any CPU
	EndGlobalSection
	GlobalSection(ProjectConfigurationPlatforms) = postSolution
		{62EB84CC-5ACF-41F4-BFBB-7E65BDB49EF5}.Debug|Any CPU.ActiveCfg = Debug|Any CPU
		{62EB84CC-5ACF-41F4-BFBB-7E65BDB49EF5}.Debug|Any CPU.Build.0 = Debug|Any CPU
		{62EB84CC-5ACF-41F4-BFBB-7E65BDB49EF5}.Release|Any CPU.ActiveCfg = Release|Any CPU
		{62EB84CC-5ACF-41F4-BFBB-7E65BDB49EF5}.Release|Any CPU.Build.0 = Release|Any CPU
		{C642BB2B-3ACB-4183-857D-39AAB05A5CAA}.Debug|Any CPU.ActiveCfg = Debug|Any CPU
		{C642BB2B-3ACB-4183-857D-39AAB05A5CAA}.Debug|Any CPU.Build.0 = Debug|Any CPU
		{C642BB2B-3ACB-4183-857D-39AAB05A5CAA}.Release|Any CPU.ActiveCfg = Release|Any CPU
		{C642BB2B-3ACB-4183-857D-39AAB05A5CAA}.Release|Any CPU.Build.0 = Release|Any CPU
	EndGlobalSection
	GlobalSection(SolutionProperties) = preSolution
		HideSolutionNode = FALSE
	EndGlobalSection
	GlobalSection(ExtensibilityGlobals) = postSolution
		SolutionGuid = {4DDBFF6C-8D29-4082-8FB3-F29E9FC78DA6}
	EndGlobalSection
EndGlobal
