
Microsoft Visual Studio Solution File, Format Version 12.00
# Visual Studio Version 17
VisualStudioVersion = 17.6.33723.286
MinimumVisualStudioVersion = 10.0.40219.1
Project("{9A19103F-16F7-4668-BE54-9A1E7A4F7556}") = "01. Train", "01. Train\01. Train.csproj", "{D4A04C61-798A-4E9F-B571-306CEF7A2022}"
EndProject
Project("{9A19103F-16F7-4668-BE54-9A1E7A4F7556}") = "02. Common Elements", "02. Common Elements\02. Common Elements.csproj", "{33B8C6F9-FF2D-4E8C-ACD1-B93E5B3E596D}"
EndProject
Project("{9A19103F-16F7-4668-BE54-9A1E7A4F7556}") = "03. Zig-Zag Arrays", "03. Zig-Zag Arrays\03. Zig-Zag Arrays.csproj", "{7936167A-35D6-4609-A66A-B352E75BD3CA}"
EndProject
Project("{9A19103F-16F7-4668-BE54-9A1E7A4F7556}") = "04. Array Rotation", "04. Array Rotation\04. Array Rotation.csproj", "{512BDC38-7308-4176-8812-2D21744D38A8}"
EndProject
Project("{9A19103F-16F7-4668-BE54-9A1E7A4F7556}") = "05. Top Integers", "05. Top Integers\05. Top Integers.csproj", "{3D91EBF2-FE81-4D24-883F-B56BFD5AE888}"
EndProject
Project("{9A19103F-16F7-4668-BE54-9A1E7A4F7556}") = "06. Equal Sums", "06. Equal Sums\06. Equal Sums.csproj", "{30AEE40E-CDF4-4BCE-9D5E-A11E2DBED5AA}"
EndProject
Project("{FAE04EC0-301F-11D3-BF4B-00C04F79EFBC}") = "08. Magic Sum", "08. Magic Sum\08. Magic Sum.csproj", "{609B0A71-B539-4AD8-924C-8CB87FF06082}"
EndProject
Global
	GlobalSection(SolutionConfigurationPlatforms) = preSolution
		Debug|Any CPU = Debug|Any CPU
		Release|Any CPU = Release|Any CPU
	EndGlobalSection
	GlobalSection(ProjectConfigurationPlatforms) = postSolution
		{D4A04C61-798A-4E9F-B571-306CEF7A2022}.Debug|Any CPU.ActiveCfg = Debug|Any CPU
		{D4A04C61-798A-4E9F-B571-306CEF7A2022}.Debug|Any CPU.Build.0 = Debug|Any CPU
		{D4A04C61-798A-4E9F-B571-306CEF7A2022}.Release|Any CPU.ActiveCfg = Release|Any CPU
		{D4A04C61-798A-4E9F-B571-306CEF7A2022}.Release|Any CPU.Build.0 = Release|Any CPU
		{33B8C6F9-FF2D-4E8C-ACD1-B93E5B3E596D}.Debug|Any CPU.ActiveCfg = Debug|Any CPU
		{33B8C6F9-FF2D-4E8C-ACD1-B93E5B3E596D}.Debug|Any CPU.Build.0 = Debug|Any CPU
		{33B8C6F9-FF2D-4E8C-ACD1-B93E5B3E596D}.Release|Any CPU.ActiveCfg = Release|Any CPU
		{33B8C6F9-FF2D-4E8C-ACD1-B93E5B3E596D}.Release|Any CPU.Build.0 = Release|Any CPU
		{7936167A-35D6-4609-A66A-B352E75BD3CA}.Debug|Any CPU.ActiveCfg = Debug|Any CPU
		{7936167A-35D6-4609-A66A-B352E75BD3CA}.Debug|Any CPU.Build.0 = Debug|Any CPU
		{7936167A-35D6-4609-A66A-B352E75BD3CA}.Release|Any CPU.ActiveCfg = Release|Any CPU
		{7936167A-35D6-4609-A66A-B352E75BD3CA}.Release|Any CPU.Build.0 = Release|Any CPU
		{512BDC38-7308-4176-8812-2D21744D38A8}.Debug|Any CPU.ActiveCfg = Debug|Any CPU
		{512BDC38-7308-4176-8812-2D21744D38A8}.Debug|Any CPU.Build.0 = Debug|Any CPU
		{512BDC38-7308-4176-8812-2D21744D38A8}.Release|Any CPU.ActiveCfg = Release|Any CPU
		{512BDC38-7308-4176-8812-2D21744D38A8}.Release|Any CPU.Build.0 = Release|Any CPU
		{3D91EBF2-FE81-4D24-883F-B56BFD5AE888}.Debug|Any CPU.ActiveCfg = Debug|Any CPU
		{3D91EBF2-FE81-4D24-883F-B56BFD5AE888}.Debug|Any CPU.Build.0 = Debug|Any CPU
		{3D91EBF2-FE81-4D24-883F-B56BFD5AE888}.Release|Any CPU.ActiveCfg = Release|Any CPU
		{3D91EBF2-FE81-4D24-883F-B56BFD5AE888}.Release|Any CPU.Build.0 = Release|Any CPU
		{30AEE40E-CDF4-4BCE-9D5E-A11E2DBED5AA}.Debug|Any CPU.ActiveCfg = Debug|Any CPU
		{30AEE40E-CDF4-4BCE-9D5E-A11E2DBED5AA}.Debug|Any CPU.Build.0 = Debug|Any CPU
		{30AEE40E-CDF4-4BCE-9D5E-A11E2DBED5AA}.Release|Any CPU.ActiveCfg = Release|Any CPU
		{30AEE40E-CDF4-4BCE-9D5E-A11E2DBED5AA}.Release|Any CPU.Build.0 = Release|Any CPU
		{609B0A71-B539-4AD8-924C-8CB87FF06082}.Debug|Any CPU.ActiveCfg = Debug|Any CPU
		{609B0A71-B539-4AD8-924C-8CB87FF06082}.Debug|Any CPU.Build.0 = Debug|Any CPU
		{609B0A71-B539-4AD8-924C-8CB87FF06082}.Release|Any CPU.ActiveCfg = Release|Any CPU
		{609B0A71-B539-4AD8-924C-8CB87FF06082}.Release|Any CPU.Build.0 = Release|Any CPU
	EndGlobalSection
	GlobalSection(SolutionProperties) = preSolution
		HideSolutionNode = FALSE
	EndGlobalSection
	GlobalSection(ExtensibilityGlobals) = postSolution
		SolutionGuid = {5B6DAC96-1280-4A00-BBB5-15A712CF19C2}
	EndGlobalSection
EndGlobal
